
Microsoft Visual Studio Solution File, Format Version 12.00
# Visual Studio Version 17
VisualStudioVersion = 17.6.33723.286
MinimumVisualStudioVersion = 10.0.40219.1
Project("{FAE04EC0-301F-11D3-BF4B-00C04F79EFBC}") = "hientlgph30431_CSharp2_BT", "hientlgph30431_CSharp2_BT\hientlgph30431_CSharp2_BT.csproj", "{434078C7-CCAA-4A65-B386-E0BE7455724C}"
EndProject
Global
	GlobalSection(SolutionConfigurationPlatforms) = preSolution
		Debug|Any CPU = Debug|Any CPU
		Release|Any CPU = Release|Any CPU
	EndGlobalSection
	GlobalSection(ProjectConfigurationPlatforms) = postSolution
		{434078C7-CCAA-4A65-B386-E0BE7455724C}.Debug|Any CPU.ActiveCfg = Debug|Any CPU
		{434078C7-CCAA-4A65-B386-E0BE7455724C}.Debug|Any CPU.Build.0 = Debug|Any CPU
		{434078C7-CCAA-4A65-B386-E0BE7455724C}.Release|Any CPU.ActiveCfg = Release|Any CPU
		{434078C7-CCAA-4A65-B386-E0BE7455724C}.Release|Any CPU.Build.0 = Release|Any CPU
	EndGlobalSection
	GlobalSection(SolutionProperties) = preSolution
		HideSolutionNode = FALSE
	EndGlobalSection
	GlobalSection(ExtensibilityGlobals) = postSolution
		SolutionGuid = {49B1E809-A523-45C9-B125-C7E405492DAB}
	EndGlobalSection
EndGlobal
